
Microsoft Visual Studio Solution File, Format Version 12.00
# Visual Studio Version 17
VisualStudioVersion = 17.6.33829.357
MinimumVisualStudioVersion = 10.0.40219.1
Project("{888888A0-9F3D-457C-B088-3A5042F75D52}") = "MetamaskHashCrack", "MetamaskHashCrack\MetamaskHashCrack.pyproj", "{4EFDE612-020D-4862-93E5-04C80AE5BC55}"
EndProject
Global
	GlobalSection(SolutionConfigurationPlatforms) = preSolution
		Debug|Any CPU = Debug|Any CPU
		Release|Any CPU = Release|Any CPU
	EndGlobalSection
	GlobalSection(ProjectConfigurationPlatforms) = postSolution
		{4EFDE612-020D-4862-93E5-04C80AE5BC55}.Debug|Any CPU.ActiveCfg = Debug|Any CPU
		{4EFDE612-020D-4862-93E5-04C80AE5BC55}.Release|Any CPU.ActiveCfg = Release|Any CPU
	EndGlobalSection
	GlobalSection(SolutionProperties) = preSolution
		HideSolutionNode = FALSE
	EndGlobalSection
	GlobalSection(ExtensibilityGlobals) = postSolution
		SolutionGuid = {64E8F2F7-944D-4384-9274-39E7A5E2B86D}
	EndGlobalSection
EndGlobal
